
Microsoft Visual Studio Solution File, Format Version 12.00
# Visual Studio Version 16
VisualStudioVersion = 16.0.29324.140
MinimumVisualStudioVersion = 10.0.40219.1
Project("{FAE04EC0-301F-11D3-BF4B-00C04F79EFBC}") = "Lab 2", "Lab 2\Lab 2.csproj", "{838C009B-6A5A-4CA9-95B2-9BA4D4CB7719}"
EndProject
Project("{FAE04EC0-301F-11D3-BF4B-00C04F79EFBC}") = "Variables", "Variables\Variables.csproj", "{F0FCDE0A-0091-4C3A-89A2-3FFBD7E6DE29}"
EndProject
Global
	GlobalSection(SolutionConfigurationPlatforms) = preSolution
		Debug|Any CPU = Debug|Any CPU
		Release|Any CPU = Release|Any CPU
	EndGlobalSection
	GlobalSection(ProjectConfigurationPlatforms) = postSolution
		{838C009B-6A5A-4CA9-95B2-9BA4D4CB7719}.Debug|Any CPU.ActiveCfg = Debug|Any CPU
		{838C009B-6A5A-4CA9-95B2-9BA4D4CB7719}.Debug|Any CPU.Build.0 = Debug|Any CPU
		{838C009B-6A5A-4CA9-95B2-9BA4D4CB7719}.Release|Any CPU.ActiveCfg = Release|Any CPU
		{838C009B-6A5A-4CA9-95B2-9BA4D4CB7719}.Release|Any CPU.Build.0 = Release|Any CPU
		{F0FCDE0A-0091-4C3A-89A2-3FFBD7E6DE29}.Debug|Any CPU.ActiveCfg = Debug|Any CPU
		{F0FCDE0A-0091-4C3A-89A2-3FFBD7E6DE29}.Debug|Any CPU.Build.0 = Debug|Any CPU
		{F0FCDE0A-0091-4C3A-89A2-3FFBD7E6DE29}.Release|Any CPU.ActiveCfg = Release|Any CPU
		{F0FCDE0A-0091-4C3A-89A2-3FFBD7E6DE29}.Release|Any CPU.Build.0 = Release|Any CPU
	EndGlobalSection
	GlobalSection(SolutionProperties) = preSolution
		HideSolutionNode = FALSE
	EndGlobalSection
	GlobalSection(ExtensibilityGlobals) = postSolution
		SolutionGuid = {F710B7C8-09B4-4924-A6D5-D819D848155F}
	EndGlobalSection
EndGlobal
